
Microsoft Visual Studio Solution File, Format Version 12.00
# Visual Studio Version 16
VisualStudioVersion = 16.0.30204.135
MinimumVisualStudioVersion = 10.0.40219.1
Project("{FAE04EC0-301F-11D3-BF4B-00C04F79EFBC}") = "XmlDiffMerge", "XmlDiffMerge.csproj", "{674417CB-1C60-4E0A-AED5-426B335E653C}"
EndProject
Global
	GlobalSection(SolutionConfigurationPlatforms) = preSolution
		Debug|Any CPU = Debug|Any CPU
		Release|Any CPU = Release|Any CPU
	EndGlobalSection
	GlobalSection(ProjectConfigurationPlatforms) = postSolution
		{674417CB-1C60-4E0A-AED5-426B335E653C}.Debug|Any CPU.ActiveCfg = Debug|Any CPU
		{674417CB-1C60-4E0A-AED5-426B335E653C}.Debug|Any CPU.Build.0 = Debug|Any CPU
		{674417CB-1C60-4E0A-AED5-426B335E653C}.Release|Any CPU.ActiveCfg = Release|Any CPU
		{674417CB-1C60-4E0A-AED5-426B335E653C}.Release|Any CPU.Build.0 = Release|Any CPU
	EndGlobalSection
	GlobalSection(SolutionProperties) = preSolution
		HideSolutionNode = FALSE
	EndGlobalSection
	GlobalSection(ExtensibilityGlobals) = postSolution
		SolutionGuid = {39E1BCC4-F738-467B-A497-672E87105DCC}
	EndGlobalSection
EndGlobal
